
Microsoft Visual Studio Solution File, Format Version 12.00
# Visual Studio Version 17
VisualStudioVersion = 17.0.31521.260
MinimumVisualStudioVersion = 10.0.40219.1
Project("{9A19103F-16F7-4668-BE54-9A1E7A4F7556}") = "Toolbelt.Blazor.TwitterShareButton", "Toolbelt.Blazor\Toolbelt.Blazor.TwitterShareButton.csproj", "{F308656A-BFFC-4F38-9F40-CA119F638AD4}"
EndProject
Project("{2150E333-8FDC-42A3-9474-1A3956D46DE8}") = "README", "README", "{BA0B0334-CE23-4DB0-B93B-420496C3C74C}"
	ProjectSection(SolutionItems) = preProject
		README.md = README.md
		RELEASE-NOTES.txt = RELEASE-NOTES.txt
	EndProjectSection
EndProject
Project("{2150E333-8FDC-42A3-9474-1A3956D46DE8}") = "SampleSites", "SampleSites", "{38D0BA26-EF35-461A-9D69-6F08F7AF8FF7}"
EndProject
Project("{9A19103F-16F7-4668-BE54-9A1E7A4F7556}") = "SampleSite.Components", "SampleSites\Components\SampleSite.Components.csproj", "{9F7DC74A-DA64-4E6E-A0DD-0E39F87B57EB}"
EndProject
Project("{9A19103F-16F7-4668-BE54-9A1E7A4F7556}") = "SampleSite.Client", "SampleSites\Client\SampleSite.Client.csproj", "{1D5B4C84-CC7E-4B2A-A4C9-A5ACE5FAD563}"
EndProject
Project("{9A19103F-16F7-4668-BE54-9A1E7A4F7556}") = "SampleSite.Host", "SampleSites\Host\SampleSite.Host.csproj", "{4155D942-05A5-439A-ABC4-637D32EE91BC}"
EndProject
Project("{9A19103F-16F7-4668-BE54-9A1E7A4F7556}") = "SampleSite.Server", "SampleSites\Server\SampleSite.Server.csproj", "{CD5D433D-DC41-4D22-8B62-97B2E9735547}"
EndProject
Project("{9A19103F-16F7-4668-BE54-9A1E7A4F7556}") = "SampleSite.Client.Net31", "SampleSites\Client31\SampleSite.Client.Net31.csproj", "{F38AC62A-4591-479C-9D62-74FA8695E999}"
EndProject
Project("{9A19103F-16F7-4668-BE54-9A1E7A4F7556}") = "Toolbelt.Blazor.TwitterShareButton.Test", "TwitterShareButton.Test\Toolbelt.Blazor.TwitterShareButton.Test.csproj", "{C67CE252-00E4-400A-96DB-1570A70C7A59}"
EndProject
Global
	GlobalSection(SolutionConfigurationPlatforms) = preSolution
		Debug|Any CPU = Debug|Any CPU
		Release|Any CPU = Release|Any CPU
	EndGlobalSection
	GlobalSection(ProjectConfigurationPlatforms) = postSolution
		{F308656A-BFFC-4F38-9F40-CA119F638AD4}.Debug|Any CPU.ActiveCfg = Debug|Any CPU
		{F308656A-BFFC-4F38-9F40-CA119F638AD4}.Debug|Any CPU.Build.0 = Debug|Any CPU
		{F308656A-BFFC-4F38-9F40-CA119F638AD4}.Release|Any CPU.ActiveCfg = Release|Any CPU
		{F308656A-BFFC-4F38-9F40-CA119F638AD4}.Release|Any CPU.Build.0 = Release|Any CPU
		{9F7DC74A-DA64-4E6E-A0DD-0E39F87B57EB}.Debug|Any CPU.ActiveCfg = Debug|Any CPU
		{9F7DC74A-DA64-4E6E-A0DD-0E39F87B57EB}.Debug|Any CPU.Build.0 = Debug|Any CPU
		{9F7DC74A-DA64-4E6E-A0DD-0E39F87B57EB}.Release|Any CPU.ActiveCfg = Release|Any CPU
		{9F7DC74A-DA64-4E6E-A0DD-0E39F87B57EB}.Release|Any CPU.Build.0 = Release|Any CPU
		{1D5B4C84-CC7E-4B2A-A4C9-A5ACE5FAD563}.Debug|Any CPU.ActiveCfg = Debug|Any CPU
		{1D5B4C84-CC7E-4B2A-A4C9-A5ACE5FAD563}.Debug|Any CPU.Build.0 = Debug|Any CPU
		{1D5B4C84-CC7E-4B2A-A4C9-A5ACE5FAD563}.Release|Any CPU.ActiveCfg = Release|Any CPU
		{1D5B4C84-CC7E-4B2A-A4C9-A5ACE5FAD563}.Release|Any CPU.Build.0 = Release|Any CPU
		{4155D942-05A5-439A-ABC4-637D32EE91BC}.Debug|Any CPU.ActiveCfg = Debug|Any CPU
		{4155D942-05A5-439A-ABC4-637D32EE91BC}.Debug|Any CPU.Build.0 = Debug|Any CPU
		{4155D942-05A5-439A-ABC4-637D32EE91BC}.Release|Any CPU.ActiveCfg = Release|Any CPU
		{4155D942-05A5-439A-ABC4-637D32EE91BC}.Release|Any CPU.Build.0 = Release|Any CPU
		{CD5D433D-DC41-4D22-8B62-97B2E9735547}.Debug|Any CPU.ActiveCfg = Debug|Any CPU
		{CD5D433D-DC41-4D22-8B62-97B2E9735547}.Debug|Any CPU.Build.0 = Debug|Any CPU
		{CD5D433D-DC41-4D22-8B62-97B2E9735547}.Release|Any CPU.ActiveCfg = Release|Any CPU
		{CD5D433D-DC41-4D22-8B62-97B2E9735547}.Release|Any CPU.Build.0 = Release|Any CPU
		{F38AC62A-4591-479C-9D62-74FA8695E999}.Debug|Any CPU.ActiveCfg = Debug|Any CPU
		{F38AC62A-4591-479C-9D62-74FA8695E999}.Debug|Any CPU.Build.0 = Debug|Any CPU
		{F38AC62A-4591-479C-9D62-74FA8695E999}.Release|Any CPU.ActiveCfg = Release|Any CPU
		{F38AC62A-4591-479C-9D62-74FA8695E999}.Release|Any CPU.Build.0 = Release|Any CPU
		{C67CE252-00E4-400A-96DB-1570A70C7A59}.Debug|Any CPU.ActiveCfg = Debug|Any CPU
		{C67CE252-00E4-400A-96DB-1570A70C7A59}.Debug|Any CPU.Build.0 = Debug|Any CPU
		{C67CE252-00E4-400A-96DB-1570A70C7A59}.Release|Any CPU.ActiveCfg = Release|Any CPU
		{C67CE252-00E4-400A-96DB-1570A70C7A59}.Release|Any CPU.Build.0 = Release|Any CPU
	EndGlobalSection
	GlobalSection(SolutionProperties) = preSolution
		HideSolutionNode = FALSE
	EndGlobalSection
	GlobalSection(NestedProjects) = preSolution
		{9F7DC74A-DA64-4E6E-A0DD-0E39F87B57EB} = {38D0BA26-EF35-461A-9D69-6F08F7AF8FF7}
		{1D5B4C84-CC7E-4B2A-A4C9-A5ACE5FAD563} = {38D0BA26-EF35-461A-9D69-6F08F7AF8FF7}
		{4155D942-05A5-439A-ABC4-637D32EE91BC} = {38D0BA26-EF35-461A-9D69-6F08F7AF8FF7}
		{CD5D433D-DC41-4D22-8B62-97B2E9735547} = {38D0BA26-EF35-461A-9D69-6F08F7AF8FF7}
		{F38AC62A-4591-479C-9D62-74FA8695E999} = {38D0BA26-EF35-461A-9D69-6F08F7AF8FF7}
	EndGlobalSection
	GlobalSection(ExtensibilityGlobals) = postSolution
		SolutionGuid = {E8F4D21E-E6A1-4800-82AB-039E4C2035FE}
	EndGlobalSection
EndGlobal
